lockfileVersion: '9.0'

settings:
  autoInstallPeers: true
  excludeLinksFromLockfile: false

importers:

  .:
    dependencies:
      '@antfu/install-pkg':
        specifier: ^2.1.0
        version: 2.1.0
      '@prettier/plugin-oxc':
        specifier: ^0.2.3
        version: 0.2.3
      local-pkg:
        specifier: ^1.2.1
        version: 1.2.1
      picocolors:
        specifier: ^1.1.1
        version: 1.1.1
    devDependencies:
      bumpp:
        specifier: ^12.3.0
        version: 12.3.0
      prettier:
        specifier: ^3.9.9
        version: 3.9.9

packages:

  '@antfu/install-pkg@2.1.0':
    resolution: {integrity: sha512-sdg9NxU3zR4Mnawfbc/x6GB5Wf17WYud5qOuEuxXjaKpYpMkISSJEjItGebXJ2bQ4DIcly4NYH23mtkGJjvKUw==}

  '@emnapi/core@1.11.1':
    resolution: {integrity: sha512-RSvbQmHzdKzNsLYa/wHrbc3KN4sYLKAdPZxqiM2HATqv/SBk2/ENSHpvXGaLOMcsAyz0poEGqkmmKYG3OWiJEQ==}

  '@emnapi/runtime@1.11.1':
    resolution: {integrity: sha512-vgj7R3y3Wgx24IQaGPA/R6YFXLHVMOZ0uVEyIQPaWs+rd1AzfEMXlAC22FYwO1XkKR6NPsq7mUandH8oIRdZFw==}

  '@emnapi/wasi-threads@1.2.2':
    resolution: {integrity: sha512-c95qOXkHdydNKhscBTebqEC1CVAZpyqOfVfBzQ1qgzyl3gfeldUjIggDbIZgDKsHLgnsM+igH7TJ/eAasaVuMA==}

  '@napi-rs/wasm-runtime@1.2.4':
    resolution: {integrity: sha512-AJxoUD2/15ESHbvpcyjU274nsAPLuOtPHCk0vKJM5pj//Fg/B1FXNWjPnXTT9PymCYYiHo4zPj0ZomXBKhoy7g==}
    engines: {node: ^20.19.0 || ^22.13.0 || >=23.5.0}
    peerDependencies:
      '@emnapi/core': ^1.7.1 || ^2.0.0-alpha.4
      '@emnapi/runtime': ^1.7.1 || ^2.0.0-alpha.4

  '@oxc-parser/binding-android-arm-eabi@0.139.0':
    resolution: {integrity: sha512-22EsXTA3Vc7OvrF4bfT48PFln2UbxkVgrp/Tm32qLw76Dv7SmcInfClJe6yPYamnli6HiqasnESZ5ezN+X4ybg==}
    engines: {node: ^20.19.0 || >=22.12.0}
    cpu: [arm]
    os: [android]

  '@oxc-parser/binding-android-arm64@0.139.0':
    resolution: {integrity: sha512-uASQkZV+CUQ6xXvoMzDQyfhd8OMusdv2FyCPfAi5ZDYptesapJlw7erhpGi1Lc+U8QjQV2JUrIh7d/3su2LzmQ==}
    engines: {node: ^20.19.0 || >=22.12.0}
    cpu: [arm64]
    os: [android]

  '@oxc-parser/binding-darwin-arm64@0.139.0':
    resolution: {integrity: sha512-vuQOv2WF5pZCkdSPEExul98o853M3MCR24DpWsGrUoPJu5KcnGE34kLXY2yFwBwZwT+eN1x40Tt4q6ZzlEdNUA==}
    engines: {node: ^20.19.0 || >=22.12.0}
    cpu: [arm64]
    os: [darwin]

  '@oxc-parser/binding-darwin-x64@0.139.0':
    resolution: {integrity: sha512-zxZB8ChS+7XactZhcyxQ292P/DNiiBaPPKYiVUlb3RC0V/hme5bokNubjcmEmbW9uTfmqLTpveAdkbe66H3pGg==}
    engines: {node: ^20.19.0 || >=22.12.0}
    cpu: [x64]
    os: [darwin]

  '@oxc-parser/binding-freebsd-x64@0.139.0':
    resolution: {integrity: sha512-iw2MsoCPBQwdJqywRAGsF1jEAcGoZ+DeG2LVzt5pdUvRHqajsMF46BH0rHiWoWtMwcMSia+oQYga7fHo7u7Bcw==}
    engines: {node: ^20.19.0 || >=22.12.0}
    cpu: [x64]
    os: [freebsd]

  '@oxc-parser/binding-linux-arm-gnueabihf@0.139.0':
    resolution: {integrity: sha512-SwjD/k3Y5bwGJWOH313VyaDrAuaYg1Pe+4AAXCgUKvSO5IHkj+mZ0oFcOWmB5nTuOM3uwdT+leL8h4OnFlI5hw==}
    engines: {node: ^20.19.0 || >=22.12.0}
    cpu: [arm]
    os: [linux]

  '@oxc-parser/binding-linux-arm-musleabihf@0.139.0':
    resolution: {integrity: sha512-qbeygDkcvailKFhphb2YGMMXsaZIynHlPtoOrcx4NZB/tRbUKraCCMbw8dPeFtEKasfS2qWh1VnReY+Lcys1zA==}
    engines: {node: ^20.19.0 || >=22.12.0}
    cpu: [arm]
    os: [linux]

  '@oxc-parser/binding-linux-arm64-gnu@0.139.0':
    resolution: {integrity: sha512-SrlL02KeImKlvx/9rCeopOLH7qKI3rqKKEguK6KBwVwEGLhV/A47dW4DNigf6/LFhrwoovaiayEQryjYAI86dQ==}
    engines: {node: ^20.19.0 || >=22.12.0}
    cpu: [arm64]
    os: [linux]
    libc: [glibc]

  '@oxc-parser/binding-linux-arm64-musl@0.139.0':
    resolution: {integrity: sha512-u9e884ChAVRmIZ1jr/m46S96FoDQnruFjISLi4Y0i6Wu/JUUmIiw7+umLyXILJsPfUuqnN5BJLe23t07+Y6+IA==}
    engines: {node: ^20.19.0 || >=22.12.0}
    cpu: [arm64]
    os: [linux]
    libc: [musl]

  '@oxc-parser/binding-linux-ppc64-gnu@0.139.0':
    resolution: {integrity: sha512-Z9tU2b3GJfAXOdirQmz4gZQkQkVjy53i77gf91l0733MQKa/qtk73KQQE2GzDtMqim+HyjpzvemmqzBtH2IJUA==}
    engines: {node: ^20.19.0 || >=22.12.0}
    cpu: [ppc64]
    os: [linux]
    libc: [glibc]

  '@oxc-parser/binding-linux-riscv64-gnu@0.139.0':
    resolution: {integrity: sha512-RyUbr7hzPK84YDWKs77PRYk9VBwWbsbuYsQzQWiSmLnARXTg2zntLPGfCH/1wpfUYdmGkp/6SsqTXSsYdw9Jgw==}
    engines: {node: ^20.19.0 || >=22.12.0}
    cpu: [riscv64]
    os: [linux]
    libc: [glibc]

  '@oxc-parser/binding-linux-riscv64-musl@0.139.0':
    resolution: {integrity: sha512-dcQhjtcDvtR8BgkUpt03Yz5SzxdzYvTigenIJOEsiSX6G2t6yybEMxGWjp0dOuYGror0BaqcZfTyXR58amCEig==}
    engines: {node: ^20.19.0 || >=22.12.0}
    cpu: [riscv64]
    os: [linux]
    libc: [musl]

  '@oxc-parser/binding-linux-s390x-gnu@0.139.0':
    resolution: {integrity: sha512-iuGrxysV4rGUymdKpn7bgZQ6Vix8Bi/6D/rp71HYIzphq6NKrsBhsGOYsSZte+uBFL43tXh7Xr7TM72sGliJNA==}
    engines: {node: ^20.19.0 || >=22.12.0}
    cpu: [s390x]
    os: [linux]
    libc: [glibc]

  '@oxc-parser/binding-linux-x64-gnu@0.139.0':
    resolution: {integrity: sha512-NxJdZZyaa2JLLvNfH/iJQXfCNfKcPMylwY4ObMpBVmW4Nq+RyUpVVQXrMMelcQ6rwx3nuhF1Iga8n+eoAKGCIA==}
    engines: {node: ^20.19.0 || >=22.12.0}
    cpu: [x64]
    os: [linux]
    libc: [glibc]

  '@oxc-parser/binding-linux-x64-musl@0.139.0':
    resolution: {integrity: sha512-ePxBvvtzISmSsJ0RIj8FNikSCn58i1jtccj7XR4U9Li4iSzhkFyYlnJ51cQTUwkairz8WMTD4SpKoot8RyTnQA==}
    engines: {node: ^20.19.0 || >=22.12.0}
    cpu: [x64]
    os: [linux]
    libc: [musl]

  '@oxc-parser/binding-openharmony-arm64@0.139.0':
    resolution: {integrity: sha512-b/c2+mPXMOxG5x16n8yf9cjor/ntQQScmYnSmLEWIWJ4rfXd5dokMxx0kliSLA+YAGq6DD3K9BWi+aFXHiiV1w==}
    engines: {node: ^20.19.0 || >=22.12.0}
    cpu: [arm64]
    os: [openharmony]

  '@oxc-parser/binding-wasm32-wasi@0.139.0':
    resolution: {integrity: sha512-rNU0pO+/CVPC2qZ+xtX5R2cOje9Q75q3UkfgwUCPlplqxMv6Iffd5tMPGVMCLGnPINxPlmi0WPsW94HltbYvfQ==}
    engines: {node: ^20.19.0 || >=22.12.0}
    cpu: [wasm32]

  '@oxc-parser/binding-win32-arm64-msvc@0.139.0':
    resolution: {integrity: sha512-JPEmfncZfqAFiGsAN6UZSMIBqnG8wn8buywRacFOWjP+9dZwcs03SsBp4tmyjM/4l/VoH/IuThrW1Jof3OyQUw==}
    engines: {node: ^20.19.0 || >=22.12.0}
    cpu: [arm64]
    os: [win32]

  '@oxc-parser/binding-win32-ia32-msvc@0.139.0':
    resolution: {integrity: sha512-c06dWBwEnFHof5JN7T9/ts23uATXS9czPEBO60d4xnjH2Am29Bo7OGKdVHRmcWQnw0OBxlTg9fIEXAvtcwOBfw==}
    engines: {node: ^20.19.0 || >=22.12.0}
    cpu: [ia32]
    os: [win32]

  '@oxc-parser/binding-win32-x64-msvc@0.139.0':
    resolution: {integrity: sha512-bI3/44urQjW/D495JPXe+c9d+4Q+ONi3DvDNnzwRZYTWHZ3hAlFdmirYK4mzhTfCZiAly02EbMYir7QGU+9O2Q==}
    engines: {node: ^20.19.0 || >=22.12.0}
    cpu: [x64]
    os: [win32]

  '@oxc-project/types@0.139.0':
    resolution: {integrity: sha512-r9gHphtCs+1M7J0pw6Sn/hh/Wpa/iQrOOkrNAlVLF/gHq+/CJmHIWKKUUhdWjcD6CIa8idarspCsASiXCXvFUw==}

  '@prettier/plugin-oxc@0.2.3':
    resolution: {integrity: sha512-6TYRFBxthmW0IULsZjik2Gu62jc17xPILlcSIXTXfrhDH4etIcissalZ+RO5oweMWidM3jJ38QJbkD2C6J0/LA==}
    engines: {node: '>=14'}

  '@quansync/fs@1.1.0':
    resolution: {integrity: sha512-qAPG/t3HqML1TlN7sY/pTbEjzFVAKsMjNNMGheyDosro+kT4iw2KCUoHcVdmliwWjorm4elZbgNQyU2eD97eDg==}

  '@tybys/wasm-util@0.10.4':
    resolution: {integrity: sha512-W3c4gRigFS0T/Ma4qIYF3GDAc5AQdHb1yL5znJT1Zv1YaD9Kitx656wBjvr19qbiosmZT8lWDM5BEMynUqX65A==}

  acorn@8.15.0:
    resolution: {integrity: sha512-NZyJarBfL7nWwIq+FDL6Zp/yHEhePMNnnJ0y3qfieCrmNvYct8uvtiV41UvlSe6apAfk0fY1FbWx+NwfmpvtTg==}
    engines: {node: '>=0.4.0'}
    hasBin: true

  args-tokenizer@0.3.0:
    resolution: {integrity: sha512-xXAd7G2Mll5W8uo37GETpQ2VrE84M181Z7ugHFGQnJZ50M2mbOv0osSZ9VsSgPfJQ+LVG0prSi0th+ELMsno7Q==}

  bumpp@12.3.0:
    resolution: {integrity: sha512-YgW09sgbIGQmAD/Jk7FEGP0tm0PeDz+Zgk+IAk+MOHhb/98pj/l3CgkxSjd7C1O99JPxTNwS+bPOTNaHuNh6lQ==}
    engines: {node: ^22.18.0 || ^24.11.0 || >=26.0.0}
    hasBin: true

  cac@7.0.0:
    resolution: {integrity: sha512-tixWYgm5ZoOD+3g6UTea91eow5z6AAHaho3g0V9CNSNb45gM8SmflpAc+GRd1InC4AqN/07Unrgp56Y94N9hJQ==}
    engines: {node: '>=20.19.0'}

  confbox@0.1.8:
    resolution: {integrity: sha512-RMtmw0iFkeR4YV+fUOSucriAQNb9g8zFR52MWCtl+cCZOFRNL6zeB395vPzFhEjjn4fMxXudmELnl/KF/WrK6w==}

  confbox@0.2.2:
    resolution: {integrity: sha512-1NB+BKqhtNipMsov4xI/NnhCKp9XG9NamYp5PVm9klAT0fsrNPjaFICsCFhNhwZJKNh7zB/3q8qXz0E9oaMNtQ==}

  defu@6.1.4:
    resolution: {integrity: sha512-mEQCMmwJu317oSz8CwdIOdwf3xMif1ttiM8LTufzc3g6kR+9Pe236twL8j3IYT1F7GfRgGcW6MWxzZjLIkuHIg==}

  exsolve@1.0.8:
    resolution: {integrity: sha512-LmDxfWXwcTArk8fUEnOfSZpHOJ6zOMUJKOtFLFqJLoKJetuQG874Uc7/Kki7zFLzYybmZhp1M7+98pfMqeX8yA==}

  fdir@6.5.0:
    resolution: {integrity: sha512-tIbYtZbucOs0BRGqPJkshJUYdL+SDH7dVM8gjy+ERp3WAUjLEFJE+02kanyHtwjWOnwrKYBiwAmM0p4kLJAnXg==}
    engines: {node: '>=12.0.0'}
    peerDependencies:
      picomatch: ^3 || ^4
    peerDependenciesMeta:
      picomatch:
        optional: true

  jiti@2.6.1:
    resolution: {integrity: sha512-ekilCSN1jwRvIbgeg/57YFh8qQDNbwDb9xT/qu2DAHbFFZUicIl4ygVaAvzveMhMVr3LnpSKTNnwt8PoOfmKhQ==}
    hasBin: true

  jsonc-parser@3.3.1:
    resolution: {integrity: sha512-HUgH65KyejrUFPvHFPbqOY0rsFip3Bo5wb4ngvdi1EpCYWUQDC5V+Y7mZws+DLkr4M//zQJoanu1SP+87Dv1oQ==}

  local-pkg@1.2.1:
    resolution: {integrity: sha512-++gUqRDEvcnN6Zhqrr+y/CkVEHhlrR96vZn3nZZPYzMcBUyBtTKzB9NadClFIsIVSsu+3i9tfk/erqy9kAmt7Q==}
    engines: {node: '>=14'}

  mlly@1.7.4:
    resolution: {integrity: sha512-qmdSIPC4bDJXgZTCR7XosJiNKySV7O215tsPtDN9iEO/7q/76b/ijtgRu/+epFXSJhijtTCCGp3DWS549P3xKw==}

  oxc-parser@0.139.0:
    resolution: {integrity: sha512-cf1TKZN+zc0lwqigeyXKzKVk5+vNRe99Or2+wVJsXLdlhJgC+gsIniYDfj/ZEBzCJ8Xm21ZG6YtMbR262CcS2w==}
    engines: {node: ^20.19.0 || >=22.12.0}

  package-manager-detector@1.8.0:
    resolution: {integrity: sha512-yQA4H19AmPEoMUeavPMDIe1higySl/gH/yaQrkT/s07Qp+7pp2hYz30N3z2l5BkjVkF9Ow6o0wjJamm2y7Sn0A==}

  pathe@2.0.3:
    resolution: {integrity: sha512-WUjGcAqP1gQacoQe+OBJsFA7Ld4DyXuUIjZ5cc75cLHvJ7dtNsTugphxIADwspS+AraAUePCKrSVtPLFj/F88w==}

  picocolors@1.1.1:
    resolution: {integrity: sha512-xceH2snhtb5M9liqDsmEw56le376mTZkEX/jEb/RxNFyegNul7eNslCXP9FDj/Lcu0X8KEyMceP2ntpaHrDEVA==}

  picomatch@4.0.7:
    resolution: {integrity: sha512-qcJu88Q2IWqJsDD529JKMdwGm/dvInW4HvQnRwiH9JtihJvzGOscDtHE3x1pBKeUOTysQ8kVmLnJ2kJu7yhcGA==}
    engines: {node: '>=12'}

  pkg-types@1.3.1:
    resolution: {integrity: sha512-/Jm5M4RvtBFVkKWRu2BLUTNP8/M2a+UwuAX+ae4770q1qVGtfjG+WTCupoZixokjmHiry8uI+dlY8KXYV5HVVQ==}

  pkg-types@2.3.0:
    resolution: {integrity: sha512-SIqCzDRg0s9npO5XQ3tNZioRY1uK06lA41ynBC1YmFTmnY6FjUjVt6s4LoADmwoig1qqD0oK8h1p/8mlMx8Oig==}

  prettier@3.9.9:
    resolution: {integrity: sha512-Z/CJHIkdujO/OtN7nXUii0Rf3VT5SRuhjBA82Xvu2XhBUgX3nhP67T0LHceBdQLex7OOFGTox+Q5Yg8Jk2Qivg==}
    engines: {node: '>=14'}
    hasBin: true

  quansync@0.2.11:
    resolution: {integrity: sha512-AifT7QEbW9Nri4tAwR5M/uzpBuqfZf+zwaEM/QkzEjj7NBuFD2rBuy0K3dE+8wltbezDV7JMA0WfnCPYRSYbXA==}

  quansync@1.0.0:
    resolution: {integrity: sha512-5xZacEEufv3HSTPQuchrvV6soaiACMFnq1H8wkVioctoH3TRha9Sz66lOxRwPK/qZj7HPiSveih9yAyh98gvqA==}

  tinyexec@1.3.1:
    resolution: {integrity: sha512-GCvB3aoys96IuDFBMcTB46JOR6mdMtAToqwiW8JlWhsoh1mhHi/xn9ss/Dg7N555GiJyEt2qzoG/NHCwM6h1EA==}
    engines: {node: '>=18'}

  tinyglobby@0.2.17:
    resolution: {integrity: sha512-wXR/dYpcqKmfWpEdZjiKJOwCNFndD0DMnrW/cYjVGttEkBfVgcLFHoNrlj47mjOVic9yyNu65alsgF4NQyTa2g==}
    engines: {node: '>=12.0.0'}

  tslib@2.8.1:
    resolution: {integrity: sha512-oJFu94HQb+KVduSUQL7wnpmqnfmLsOA/nAh6b6EH0wCEoK0/mPeXU6c3wKDV83MkOuHPRHtSXKKU99IBazS/2w==}

  ufo@1.6.1:
    resolution: {integrity: sha512-9a4/uxlTWJ4+a5i0ooc1rU7C7YOw3wT+UGqdeNNHWnOF9qcMBgLRS+4IYUqbczewFx4mLEig6gawh7X6mFlEkA==}

  unconfig-core@7.5.0:
    resolution: {integrity: sha512-Su3FauozOGP44ZmKdHy2oE6LPjk51M/TRRjHv2HNCWiDvfvCoxC2lno6jevMA91MYAdCdwP05QnWdWpSbncX/w==}

  unconfig@7.5.0:
    resolution: {integrity: sha512-oi8Qy2JV4D3UQ0PsopR28CzdQ3S/5A1zwsUwp/rosSbfhJ5z7b90bIyTwi/F7hCLD4SGcZVjDzd4XoUQcEanvA==}

  verkit@0.4.1:
    resolution: {integrity: sha512-mMVzj0TXExtVdlDEq+Mzp0eyOuyznNpFobNM3uAqe3HVm/Ps2c+u17BligMkZjZCA6EiXpoon8iRTer3iu40SQ==}
    engines: {node: '>=18.12.0'}

  yaml@2.9.1:
    resolution: {integrity: sha512-3NxN8+78OdzbT7C/WjGsyfPAtJaN3FNDsWxv7Y7mcDsT/oOmgW8BpyQQFFBnvZE3j9Y2Sdz1ULFLezL7Eb2yFw==}
    engines: {node: '>= 14.6'}
    hasBin: true

snapshots:

  '@antfu/install-pkg@2.1.0':
    dependencies:
      package-manager-detector: 1.8.0
      tinyexec: 1.3.1

  '@emnapi/core@1.11.1':
    dependencies:
      '@emnapi/wasi-threads': 1.2.2
      tslib: 2.8.1
    optional: true

  '@emnapi/runtime@1.11.1':
    dependencies:
      tslib: 2.8.1
    optional: true

  '@emnapi/wasi-threads@1.2.2':
    dependencies:
      tslib: 2.8.1
    optional: true

  '@napi-rs/wasm-runtime@1.2.4(@emnapi/core@1.11.1)(@emnapi/runtime@1.11.1)':
    dependencies:
      '@emnapi/core': 1.11.1
      '@emnapi/runtime': 1.11.1
      '@tybys/wasm-util': 0.10.4
    optional: true

  '@oxc-parser/binding-android-arm-eabi@0.139.0':
    optional: true

  '@oxc-parser/binding-android-arm64@0.139.0':
    optional: true

  '@oxc-parser/binding-darwin-arm64@0.139.0':
    optional: true

  '@oxc-parser/binding-darwin-x64@0.139.0':
    optional: true

  '@oxc-parser/binding-freebsd-x64@0.139.0':
    optional: true

  '@oxc-parser/binding-linux-arm-gnueabihf@0.139.0':
    optional: true

  '@oxc-parser/binding-linux-arm-musleabihf@0.139.0':
    optional: true

  '@oxc-parser/binding-linux-arm64-gnu@0.139.0':
    optional: true

  '@oxc-parser/binding-linux-arm64-musl@0.139.0':
    optional: true

  '@oxc-parser/binding-linux-ppc64-gnu@0.139.0':
    optional: true

  '@oxc-parser/binding-linux-riscv64-gnu@0.139.0':
    optional: true

  '@oxc-parser/binding-linux-riscv64-musl@0.139.0':
    optional: true

  '@oxc-parser/binding-linux-s390x-gnu@0.139.0':
    optional: true

  '@oxc-parser/binding-linux-x64-gnu@0.139.0':
    optional: true

  '@oxc-parser/binding-linux-x64-musl@0.139.0':
    optional: true

  '@oxc-parser/binding-openharmony-arm64@0.139.0':
    optional: true

  '@oxc-parser/binding-wasm32-wasi@0.139.0':
    dependencies:
      '@emnapi/core': 1.11.1
      '@emnapi/runtime': 1.11.1
      '@napi-rs/wasm-runtime': 1.2.4(@emnapi/core@1.11.1)(@emnapi/runtime@1.11.1)
    optional: true

  '@oxc-parser/binding-win32-arm64-msvc@0.139.0':
    optional: true

  '@oxc-parser/binding-win32-ia32-msvc@0.139.0':
    optional: true

  '@oxc-parser/binding-win32-x64-msvc@0.139.0':
    optional: true

  '@oxc-project/types@0.139.0': {}

  '@prettier/plugin-oxc@0.2.3':
    dependencies:
      oxc-parser: 0.139.0

  '@quansync/fs@1.1.0':
    dependencies:
      quansync: 1.0.0

  '@tybys/wasm-util@0.10.4':
    dependencies:
      tslib: 2.8.1
    optional: true

  acorn@8.15.0: {}

  args-tokenizer@0.3.0: {}

  bumpp@12.3.0:
    dependencies:
      args-tokenizer: 0.3.0
      cac: 7.0.0
      jsonc-parser: 3.3.1
      package-manager-detector: 1.8.0
      tinyexec: 1.3.1
      tinyglobby: 0.2.17
      unconfig: 7.5.0
      verkit: 0.4.1
      yaml: 2.9.1

  cac@7.0.0: {}

  confbox@0.1.8: {}

  confbox@0.2.2: {}

  defu@6.1.4: {}

  exsolve@1.0.8: {}

  fdir@6.5.0(picomatch@4.0.7):
    optionalDependencies:
      picomatch: 4.0.7

  jiti@2.6.1: {}

  jsonc-parser@3.3.1: {}

  local-pkg@1.2.1:
    dependencies:
      mlly: 1.7.4
      pkg-types: 2.3.0
      quansync: 0.2.11

  mlly@1.7.4:
    dependencies:
      acorn: 8.15.0
      pathe: 2.0.3
      pkg-types: 1.3.1
      ufo: 1.6.1

  oxc-parser@0.139.0:
    dependencies:
      '@oxc-project/types': 0.139.0
    optionalDependencies:
      '@oxc-parser/binding-android-arm-eabi': 0.139.0
      '@oxc-parser/binding-android-arm64': 0.139.0
      '@oxc-parser/binding-darwin-arm64': 0.139.0
      '@oxc-parser/binding-darwin-x64': 0.139.0
      '@oxc-parser/binding-freebsd-x64': 0.139.0
      '@oxc-parser/binding-linux-arm-gnueabihf': 0.139.0
      '@oxc-parser/binding-linux-arm-musleabihf': 0.139.0
      '@oxc-parser/binding-linux-arm64-gnu': 0.139.0
      '@oxc-parser/binding-linux-arm64-musl': 0.139.0
      '@oxc-parser/binding-linux-ppc64-gnu': 0.139.0
      '@oxc-parser/binding-linux-riscv64-gnu': 0.139.0
      '@oxc-parser/binding-linux-riscv64-musl': 0.139.0
      '@oxc-parser/binding-linux-s390x-gnu': 0.139.0
      '@oxc-parser/binding-linux-x64-gnu': 0.139.0
      '@oxc-parser/binding-linux-x64-musl': 0.139.0
      '@oxc-parser/binding-openharmony-arm64': 0.139.0
      '@oxc-parser/binding-wasm32-wasi': 0.139.0
      '@oxc-parser/binding-win32-arm64-msvc': 0.139.0
      '@oxc-parser/binding-win32-ia32-msvc': 0.139.0
      '@oxc-parser/binding-win32-x64-msvc': 0.139.0

  package-manager-detector@1.8.0: {}

  pathe@2.0.3: {}

  picocolors@1.1.1: {}

  picomatch@4.0.7: {}

  pkg-types@1.3.1:
    dependencies:
      confbox: 0.1.8
      mlly: 1.7.4
      pathe: 2.0.3

  pkg-types@2.3.0:
    dependencies:
      confbox: 0.2.2
      exsolve: 1.0.8
      pathe: 2.0.3

  prettier@3.9.9: {}

  quansync@0.2.11: {}

  quansync@1.0.0: {}

  tinyexec@1.3.1: {}

  tinyglobby@0.2.17:
    dependencies:
      fdir: 6.5.0(picomatch@4.0.7)
      picomatch: 4.0.7

  tslib@2.8.1:
    optional: true

  ufo@1.6.1: {}

  unconfig-core@7.5.0:
    dependencies:
      '@quansync/fs': 1.1.0
      quansync: 1.0.0

  unconfig@7.5.0:
    dependencies:
      '@quansync/fs': 1.1.0
      defu: 6.1.4
      jiti: 2.6.1
      quansync: 1.0.0
      unconfig-core: 7.5.0

  verkit@0.4.1: {}

  yaml@2.9.1: {}
